
Microsoft Visual Studio Solution File, Format Version 12.00
# Visual Studio Version 16
VisualStudioVersion = 16.0.32901.82
MinimumVisualStudioVersion = 10.0.40219.1
Project("{9A19103F-16F7-4668-BE54-9A1E7A4F7556}") = "uygstr", "uygstr\uygstr.csproj", "{4305857B-3C90-4330-87CF-4B08F340DEDF}"
EndProject
Project("{9A19103F-16F7-4668-BE54-9A1E7A4F7556}") = "TestProject1", "TestProject1\TestProject1.csproj", "{1170F963-D15B-4DA1-8314-F15435477009}"
EndProject
Project("{FAE04EC0-301F-11D3-BF4B-00C04F79EFBC}") = "Hesaplama", "Hesaplama\Hesaplama.csproj", "{A4428345-6B43-41A2-B294-A0F3FF5DFC0E}"
EndProject
Project("{FAE04EC0-301F-11D3-BF4B-00C04F79EFBC}") = "TestProject2", "TestProject2\TestProject2.csproj", "{2EA78BE3-F7DD-4CBD-BC4A-501CA918F0BF}"
EndProject
Global
	GlobalSection(SolutionConfigurationPlatforms) = preSolution
		Debug|Any CPU = Debug|Any CPU
		Release|Any CPU = Release|Any CPU
	EndGlobalSection
	GlobalSection(ProjectConfigurationPlatforms) = postSolution
		{4305857B-3C90-4330-87CF-4B08F340DEDF}.Debug|Any CPU.ActiveCfg = Debug|Any CPU
		{4305857B-3C90-4330-87CF-4B08F340DEDF}.Debug|Any CPU.Build.0 = Debug|Any CPU
		{4305857B-3C90-4330-87CF-4B08F340DEDF}.Release|Any CPU.ActiveCfg = Release|Any CPU
		{4305857B-3C90-4330-87CF-4B08F340DEDF}.Release|Any CPU.Build.0 = Release|Any CPU
		{1170F963-D15B-4DA1-8314-F15435477009}.Debug|Any CPU.ActiveCfg = Debug|Any CPU
		{1170F963-D15B-4DA1-8314-F15435477009}.Debug|Any CPU.Build.0 = Debug|Any CPU
		{1170F963-D15B-4DA1-8314-F15435477009}.Release|Any CPU.ActiveCfg = Release|Any CPU
		{1170F963-D15B-4DA1-8314-F15435477009}.Release|Any CPU.Build.0 = Release|Any CPU
		{A4428345-6B43-41A2-B294-A0F3FF5DFC0E}.Debug|Any CPU.ActiveCfg = Debug|Any CPU
		{A4428345-6B43-41A2-B294-A0F3FF5DFC0E}.Debug|Any CPU.Build.0 = Debug|Any CPU
		{A4428345-6B43-41A2-B294-A0F3FF5DFC0E}.Release|Any CPU.ActiveCfg = Release|Any CPU
		{A4428345-6B43-41A2-B294-A0F3FF5DFC0E}.Release|Any CPU.Build.0 = Release|Any CPU
		{2EA78BE3-F7DD-4CBD-BC4A-501CA918F0BF}.Debug|Any CPU.ActiveCfg = Debug|Any CPU
		{2EA78BE3-F7DD-4CBD-BC4A-501CA918F0BF}.Debug|Any CPU.Build.0 = Debug|Any CPU
		{2EA78BE3-F7DD-4CBD-BC4A-501CA918F0BF}.Release|Any CPU.ActiveCfg = Release|Any CPU
		{2EA78BE3-F7DD-4CBD-BC4A-501CA918F0BF}.Release|Any CPU.Build.0 = Release|Any CPU
	EndGlobalSection
	GlobalSection(SolutionProperties) = preSolution
		HideSolutionNode = FALSE
	EndGlobalSection
	GlobalSection(ExtensibilityGlobals) = postSolution
		SolutionGuid = {6673BE6D-640E-4D1F-B9B4-A39052DD2B83}
	EndGlobalSection
EndGlobal
